
Microsoft Visual Studio Solution File, Format Version 12.00
# Visual Studio Version 17
Project("{8BC9CEB8-8B4A-11D0-8D11-00A0C91BC942}") = "ALL_BUILD", "ALL_BUILD.vcxproj", "{9C375919-18B7-33E9-AFC5-B87CD224576E}"
	ProjectSection(ProjectDependencies) = postProject
		{9E021257-579D-3203-ABAE-BC6386E86C98} = {9E021257-579D-3203-ABAE-BC6386E86C98}
		{905ABC73-45C4-3ECB-97C8-3DAAB4F06995} = {905ABC73-45C4-3ECB-97C8-3DAAB4F06995}
		{C6F92B5F-143F-31FB-B9DE-337A611DCC28} = {C6F92B5F-143F-31FB-B9DE-337A611DCC28}
		{2843AA5C-4E89-357E-9507-0D920DAA3D7C} = {2843AA5C-4E89-357E-9507-0D920DAA3D7C}
	EndProjectSection
EndProject
Project("{8BC9CEB8-8B4A-11D0-8D11-00A0C91BC942}") = "ModelSmokeTest", "ModelSmokeTest.vcxproj", "{9E021257-579D-3203-ABAE-BC6386E86C98}"
	ProjectSection(ProjectDependencies) = postProject
		{C6F92B5F-143F-31FB-B9DE-337A611DCC28} = {C6F92B5F-143F-31FB-B9DE-337A611DCC28}
		{2843AA5C-4E89-357E-9507-0D920DAA3D7C} = {2843AA5C-4E89-357E-9507-0D920DAA3D7C}
	EndProjectSection
EndProject
Project("{8BC9CEB8-8B4A-11D0-8D11-00A0C91BC942}") = "RUN_TESTS", "RUN_TESTS.vcxproj", "{783F1702-E1E2-323F-A183-B331552C0D29}"
	ProjectSection(ProjectDependencies) = postProject
		{2843AA5C-4E89-357E-9507-0D920DAA3D7C} = {2843AA5C-4E89-357E-9507-0D920DAA3D7C}
	EndProjectSection
EndProject
Project("{8BC9CEB8-8B4A-11D0-8D11-00A0C91BC942}") = "Sanguosha", "Sanguosha.vcxproj", "{905ABC73-45C4-3ECB-97C8-3DAAB4F06995}"
	ProjectSection(ProjectDependencies) = postProject
		{C6F92B5F-143F-31FB-B9DE-337A611DCC28} = {C6F92B5F-143F-31FB-B9DE-337A611DCC28}
		{2843AA5C-4E89-357E-9507-0D920DAA3D7C} = {2843AA5C-4E89-357E-9507-0D920DAA3D7C}
	EndProjectSection
EndProject
Project("{8BC9CEB8-8B4A-11D0-8D11-00A0C91BC942}") = "SanguoshaModel", "SanguoshaModel.vcxproj", "{C6F92B5F-143F-31FB-B9DE-337A611DCC28}"
	ProjectSection(ProjectDependencies) = postProject
		{2843AA5C-4E89-357E-9507-0D920DAA3D7C} = {2843AA5C-4E89-357E-9507-0D920DAA3D7C}
	EndProjectSection
EndProject
Project("{8BC9CEB8-8B4A-11D0-8D11-00A0C91BC942}") = "ZERO_CHECK", "ZERO_CHECK.vcxproj", "{2843AA5C-4E89-357E-9507-0D920DAA3D7C}"
	ProjectSection(ProjectDependencies) = postProject
	EndProjectSection
EndProject
Global
	GlobalSection(SolutionConfigurationPlatforms) = preSolution
		Debug|x64 = Debug|x64
		Release|x64 = Release|x64
		MinSizeRel|x64 = MinSizeRel|x64
		RelWithDebInfo|x64 = RelWithDebInfo|x64
	EndGlobalSection
	GlobalSection(ProjectConfigurationPlatforms) = postSolution
		{9C375919-18B7-33E9-AFC5-B87CD224576E}.Debug|x64.ActiveCfg = Debug|x64
		{9C375919-18B7-33E9-AFC5-B87CD224576E}.Release|x64.ActiveCfg = Release|x64
		{9C375919-18B7-33E9-AFC5-B87CD224576E}.MinSizeRel|x64.ActiveCfg = MinSizeRel|x64
		{9C375919-18B7-33E9-AFC5-B87CD224576E}.RelWithDebInfo|x64.ActiveCfg = RelWithDebInfo|x64
		{9E021257-579D-3203-ABAE-BC6386E86C98}.Debug|x64.ActiveCfg = Debug|x64
		{9E021257-579D-3203-ABAE-BC6386E86C98}.Debug|x64.Build.0 = Debug|x64
		{9E021257-579D-3203-ABAE-BC6386E86C98}.Release|x64.ActiveCfg = Release|x64
		{9E021257-579D-3203-ABAE-BC6386E86C98}.Release|x64.Build.0 = Release|x64
		{9E021257-579D-3203-ABAE-BC6386E86C98}.MinSizeRel|x64.ActiveCfg = MinSizeRel|x64
		{9E021257-579D-3203-ABAE-BC6386E86C98}.MinSizeRel|x64.Build.0 = MinSizeRel|x64
		{9E021257-579D-3203-ABAE-BC6386E86C98}.RelWithDebInfo|x64.ActiveCfg = RelWithDebInfo|x64
		{9E021257-579D-3203-ABAE-BC6386E86C98}.RelWithDebInfo|x64.Build.0 = RelWithDebInfo|x64
		{783F1702-E1E2-323F-A183-B331552C0D29}.Debug|x64.ActiveCfg = Debug|x64
		{783F1702-E1E2-323F-A183-B331552C0D29}.Release|x64.ActiveCfg = Release|x64
		{783F1702-E1E2-323F-A183-B331552C0D29}.MinSizeRel|x64.ActiveCfg = MinSizeRel|x64
		{783F1702-E1E2-323F-A183-B331552C0D29}.RelWithDebInfo|x64.ActiveCfg = RelWithDebInfo|x64
		{905ABC73-45C4-3ECB-97C8-3DAAB4F06995}.Debug|x64.ActiveCfg = Debug|x64
		{905ABC73-45C4-3ECB-97C8-3DAAB4F06995}.Debug|x64.Build.0 = Debug|x64
		{905ABC73-45C4-3ECB-97C8-3DAAB4F06995}.Release|x64.ActiveCfg = Release|x64
		{905ABC73-45C4-3ECB-97C8-3DAAB4F06995}.Release|x64.Build.0 = Release|x64
		{905ABC73-45C4-3ECB-97C8-3DAAB4F06995}.MinSizeRel|x64.ActiveCfg = MinSizeRel|x64
		{905ABC73-45C4-3ECB-97C8-3DAAB4F06995}.MinSizeRel|x64.Build.0 = MinSizeRel|x64
		{905ABC73-45C4-3ECB-97C8-3DAAB4F06995}.RelWithDebInfo|x64.ActiveCfg = RelWithDebInfo|x64
		{905ABC73-45C4-3ECB-97C8-3DAAB4F06995}.RelWithDebInfo|x64.Build.0 = RelWithDebInfo|x64
		{C6F92B5F-143F-31FB-B9DE-337A611DCC28}.Debug|x64.ActiveCfg = Debug|x64
		{C6F92B5F-143F-31FB-B9DE-337A611DCC28}.Debug|x64.Build.0 = Debug|x64
		{C6F92B5F-143F-31FB-B9DE-337A611DCC28}.Release|x64.ActiveCfg = Release|x64
		{C6F92B5F-143F-31FB-B9DE-337A611DCC28}.Release|x64.Build.0 = Release|x64
		{C6F92B5F-143F-31FB-B9DE-337A611DCC28}.MinSizeRel|x64.ActiveCfg = MinSizeRel|x64
		{C6F92B5F-143F-31FB-B9DE-337A611DCC28}.MinSizeRel|x64.Build.0 = MinSizeRel|x64
		{C6F92B5F-143F-31FB-B9DE-337A611DCC28}.RelWithDebInfo|x64.ActiveCfg = RelWithDebInfo|x64
		{C6F92B5F-143F-31FB-B9DE-337A611DCC28}.RelWithDebInfo|x64.Build.0 = RelWithDebInfo|x64
		{2843AA5C-4E89-357E-9507-0D920DAA3D7C}.Debug|x64.ActiveCfg = Debug|x64
		{2843AA5C-4E89-357E-9507-0D920DAA3D7C}.Debug|x64.Build.0 = Debug|x64
		{2843AA5C-4E89-357E-9507-0D920DAA3D7C}.Release|x64.ActiveCfg = Release|x64
		{2843AA5C-4E89-357E-9507-0D920DAA3D7C}.Release|x64.Build.0 = Release|x64
		{2843AA5C-4E89-357E-9507-0D920DAA3D7C}.MinSizeRel|x64.ActiveCfg = MinSizeRel|x64
		{2843AA5C-4E89-357E-9507-0D920DAA3D7C}.MinSizeRel|x64.Build.0 = MinSizeRel|x64
		{2843AA5C-4E89-357E-9507-0D920DAA3D7C}.RelWithDebInfo|x64.ActiveCfg = RelWithDebInfo|x64
		{2843AA5C-4E89-357E-9507-0D920DAA3D7C}.RelWithDebInfo|x64.Build.0 = RelWithDebInfo|x64
	EndGlobalSection
	GlobalSection(ExtensibilityGlobals) = postSolution
		SolutionGuid = {B4B5999F-2EBB-3942-B31D-6CDF3CF8682B}
	EndGlobalSection
	GlobalSection(ExtensibilityAddIns) = postSolution
	EndGlobalSection
EndGlobal
