<?xml version="1.0" encoding="utf-8"?>
<Project ToolsVersion="17.0" xmlns="http://schemas.microsoft.com/developer/msbuild/2003">
  <ItemGroup>
    <CustomBuild Include="D:\sanguosha\Sanguosha\build_obj\CMakeFiles\0773a40996eb024094cfe3e3874ee727\generate.stamp.rule">
      <Filter>CMake Rules</Filter>
    </CustomBuild>
  </ItemGroup>
  <ItemGroup>
    <Filter Include="CMake Rules">
      <UniqueIdentifier>{2740B968-4E4E-309D-9E1A-947C0A92641A}</UniqueIdentifier>
    </Filter>
  </ItemGroup>
</Project>
